
Microsoft Visual Studio Solution File, Format Version 12.00
# Visual Studio Version 17
VisualStudioVersion = 17.8.34525.116
MinimumVisualStudioVersion = 10.0.40219.1
Project("{FAE04EC0-301F-11D3-BF4B-00C04F79EFBC}") = "prjGenericClasses", "prjGenericClasses\prjGenericClasses.csproj", "{8BBE73F0-AF2E-4FD2-BD06-239A62487AFF}"
EndProject
Global
	GlobalSection(SolutionConfigurationPlatforms) = preSolution
		Debug|Any CPU = Debug|Any CPU
		Release|Any CPU = Release|Any CPU
	EndGlobalSection
	GlobalSection(ProjectConfigurationPlatforms) = postSolution
		{8BBE73F0-AF2E-4FD2-BD06-239A62487AFF}.Debug|Any CPU.ActiveCfg = Debug|Any CPU
		{8BBE73F0-AF2E-4FD2-BD06-239A62487AFF}.Debug|Any CPU.Build.0 = Debug|Any CPU
		{8BBE73F0-AF2E-4FD2-BD06-239A62487AFF}.Release|Any CPU.ActiveCfg = Release|Any CPU
		{8BBE73F0-AF2E-4FD2-BD06-239A62487AFF}.Release|Any CPU.Build.0 = Release|Any CPU
	EndGlobalSection
	GlobalSection(SolutionProperties) = preSolution
		HideSolutionNode = FALSE
	EndGlobalSection
	GlobalSection(ExtensibilityGlobals) = postSolution
		SolutionGuid = {04262FFF-0CFF-4305-BC18-BF2E3CAB5FB0}
	EndGlobalSection
EndGlobal
